
Microsoft Visual Studio Solution File, Format Version 12.00
# Visual Studio Version 16
VisualStudioVersion = 16.0.30717.126
MinimumVisualStudioVersion = 10.0.40219.1
Project("{FAE04EC0-301F-11D3-BF4B-00C04F79EFBC}") = "HappyNewYear2021", "HappyNewYear2021.csproj", "{7D61AA0D-8847-420D-A35A-E3F4340D39C9}"
EndProject
Global
	GlobalSection(SolutionConfigurationPlatforms) = preSolution
		Debug|Any CPU = Debug|Any CPU
		Release|Any CPU = Release|Any CPU
	EndGlobalSection
	GlobalSection(ProjectConfigurationPlatforms) = postSolution
		{7D61AA0D-8847-420D-A35A-E3F4340D39C9}.Debug|Any CPU.ActiveCfg = Debug|Any CPU
		{7D61AA0D-8847-420D-A35A-E3F4340D39C9}.Debug|Any CPU.Build.0 = Debug|Any CPU
		{7D61AA0D-8847-420D-A35A-E3F4340D39C9}.Release|Any CPU.ActiveCfg = Release|Any CPU
		{7D61AA0D-8847-420D-A35A-E3F4340D39C9}.Release|Any CPU.Build.0 = Release|Any CPU
	EndGlobalSection
	GlobalSection(SolutionProperties) = preSolution
		HideSolutionNode = FALSE
	EndGlobalSection
	GlobalSection(ExtensibilityGlobals) = postSolution
		SolutionGuid = {5EDBBCB5-5598-4509-B4B9-920853D8C4D9}
	EndGlobalSection
EndGlobal
